
Microsoft Visual Studio Solution File, Format Version 12.00
# Visual Studio Version 17
VisualStudioVersion = 17.5.002.0
MinimumVisualStudioVersion = 10.0.40219.1
Project("{9A19103F-16F7-4668-BE54-9A1E7A4F7556}") = "ConsoleTwitter.Tests", "ConsoleTwitter.Tests\ConsoleTwitter.Tests.csproj", "{C9723866-2EA4-49CE-8CB4-6A4778D3BA15}"
EndProject
Project("{9A19103F-16F7-4668-BE54-9A1E7A4F7556}") = "ConsoleTwitter", "ConsoleTwitter\ConsoleTwitter.csproj", "{48E1187C-4C92-4433-951C-9AA69E6D1B80}"
EndProject
Global
	GlobalSection(SolutionConfigurationPlatforms) = preSolution
		Debug|Any CPU = Debug|Any CPU
		Release|Any CPU = Release|Any CPU
	EndGlobalSection
	GlobalSection(ProjectConfigurationPlatforms) = postSolution
		{C9723866-2EA4-49CE-8CB4-6A4778D3BA15}.Debug|Any CPU.ActiveCfg = Debug|Any CPU
		{C9723866-2EA4-49CE-8CB4-6A4778D3BA15}.Debug|Any CPU.Build.0 = Debug|Any CPU
		{C9723866-2EA4-49CE-8CB4-6A4778D3BA15}.Release|Any CPU.ActiveCfg = Release|Any CPU
		{C9723866-2EA4-49CE-8CB4-6A4778D3BA15}.Release|Any CPU.Build.0 = Release|Any CPU
		{48E1187C-4C92-4433-951C-9AA69E6D1B80}.Debug|Any CPU.ActiveCfg = Debug|Any CPU
		{48E1187C-4C92-4433-951C-9AA69E6D1B80}.Debug|Any CPU.Build.0 = Debug|Any CPU
		{48E1187C-4C92-4433-951C-9AA69E6D1B80}.Release|Any CPU.ActiveCfg = Release|Any CPU
		{48E1187C-4C92-4433-951C-9AA69E6D1B80}.Release|Any CPU.Build.0 = Release|Any CPU
	EndGlobalSection
	GlobalSection(SolutionProperties) = preSolution
		HideSolutionNode = FALSE
	EndGlobalSection
	GlobalSection(ExtensibilityGlobals) = postSolution
		SolutionGuid = {280B3EC1-8E9D-4AE5-AB17-0041DB848873}
	EndGlobalSection
EndGlobal
